{
  "requires": true,
  "lockfileVersion": 1,
  "dependencies": {
    "dayjs": {
      "version": "1.8.21",
      "resolved": "https://registry.npmjs.org/dayjs/-/dayjs-1.8.21.tgz",
      "integrity": "sha512-1kbWK0hziklUHkGgiKr7xm59KwAg/K3Tp7H/8X+f58DnNCwY3pKYjOCJpIlVs125FRBukGVZdKZojC073D0IeQ=="
    }
  }
}
